
Microsoft Visual Studio Solution File, Format Version 12.00
Project("{2150E333-8FDC-42A3-9474-1A3956D46DE8}") = "External", "External", "{D20BDD28-B3CE-4F76-AFA3-2AE30B5010A3}"
EndProject
Project("{F2A71F9B-5D33-465A-A702-920D77279786}") = "CommonResourceFormats.AssetStore", "..\CommonResourceFormats\src\CommonResourceFormats.AssetStore\CommonResourceFormats.AssetStore.fsproj", "{A237E04E-168D-417C-9D88-99EC630F2D65}"
EndProject
Project("{F2A71F9B-5D33-465A-A702-920D77279786}") = "CommonResourceFormats.PackFile", "..\CommonResourceFormats\src\CommonResourceFormats.PackFile\CommonResourceFormats.PackFile.fsproj", "{C577F2AC-ED40-459D-B917-90357827A5E3}"
EndProject
Project("{F2A71F9B-5D33-465A-A702-920D77279786}") = "CommonResourceFormats.ModelFile", "..\CommonResourceFormats\src\CommonResourceFormats.ModelFile\CommonResourceFormats.ModelFile.fsproj", "{47B2AC71-179F-4BE8-97C4-46EB33B549D2}"
EndProject
Project("{F2A71F9B-5D33-465A-A702-920D77279786}") = "CommonResourceFormats.GameDataFile", "..\CommonResourceFormats\src\CommonResourceFormats.GameDataFile\CommonResourceFormats.GameDataFile.fsproj", "{D81FDED9-C22B-4E24-B828-6F841FBE0006}"
EndProject
Project("{F2A71F9B-5D33-465A-A702-920D77279786}") = "Scenic.Core", "src\Scenic.Core\Scenic.Core.fsproj", "{84636C8B-2699-43F6-B4F0-EDD98096E1DB}"
EndProject
Project("{F2A71F9B-5D33-465A-A702-920D77279786}") = "Scenic.Editor", "src\Scenic.Editor\Scenic.Editor.fsproj", "{1EA3F366-E352-4CAA-842B-D7BB08820F3F}"
EndProject
Project("{F2A71F9B-5D33-465A-A702-920D77279786}") = "Scenic.CLI", "src\Scenic.CLI\Scenic.CLI.fsproj", "{A972A73F-14D5-48F2-BB07-0C2B6516B388}"
EndProject
Project("{F2A71F9B-5D33-465A-A702-920D77279786}") = "FsToolbox.OpenGL", "..\FsToolbox\FsToolbox.OpenGL\FsToolbox.OpenGL.fsproj", "{4C4FC87C-9E01-4747-9E5A-856ECF59A7B0}"
EndProject
Project("{F2A71F9B-5D33-465A-A702-920D77279786}") = "FsToolbox.GameDevelopment", "..\FsToolbox\FsToolbox.GameDevelopment\FsToolbox.GameDevelopment.fsproj", "{8952F72A-013C-49A7-91FA-FFB856C5616A}"
EndProject
Project("{F2A71F9B-5D33-465A-A702-920D77279786}") = "FsToolbox.GLTF", "..\FsToolbox\FsToolbox.GLTF\FsToolbox.GLTF.fsproj", "{B5DF06A2-49C1-47ED-8312-6B9566C90034}"
EndProject
Global
	GlobalSection(SolutionConfigurationPlatforms) = preSolution
		Debug|Any CPU = Debug|Any CPU
		Release|Any CPU = Release|Any CPU
	EndGlobalSection
	GlobalSection(ProjectConfigurationPlatforms) = postSolution
		{A237E04E-168D-417C-9D88-99EC630F2D65}.Debug|Any CPU.ActiveCfg = Debug|Any CPU
		{A237E04E-168D-417C-9D88-99EC630F2D65}.Debug|Any CPU.Build.0 = Debug|Any CPU
		{A237E04E-168D-417C-9D88-99EC630F2D65}.Release|Any CPU.ActiveCfg = Release|Any CPU
		{A237E04E-168D-417C-9D88-99EC630F2D65}.Release|Any CPU.Build.0 = Release|Any CPU
		{C577F2AC-ED40-459D-B917-90357827A5E3}.Debug|Any CPU.ActiveCfg = Debug|Any CPU
		{C577F2AC-ED40-459D-B917-90357827A5E3}.Debug|Any CPU.Build.0 = Debug|Any CPU
		{C577F2AC-ED40-459D-B917-90357827A5E3}.Release|Any CPU.ActiveCfg = Release|Any CPU
		{C577F2AC-ED40-459D-B917-90357827A5E3}.Release|Any CPU.Build.0 = Release|Any CPU
		{47B2AC71-179F-4BE8-97C4-46EB33B549D2}.Debug|Any CPU.ActiveCfg = Debug|Any CPU
		{47B2AC71-179F-4BE8-97C4-46EB33B549D2}.Debug|Any CPU.Build.0 = Debug|Any CPU
		{47B2AC71-179F-4BE8-97C4-46EB33B549D2}.Release|Any CPU.ActiveCfg = Release|Any CPU
		{47B2AC71-179F-4BE8-97C4-46EB33B549D2}.Release|Any CPU.Build.0 = Release|Any CPU
		{D81FDED9-C22B-4E24-B828-6F841FBE0006}.Debug|Any CPU.ActiveCfg = Debug|Any CPU
		{D81FDED9-C22B-4E24-B828-6F841FBE0006}.Debug|Any CPU.Build.0 = Debug|Any CPU
		{D81FDED9-C22B-4E24-B828-6F841FBE0006}.Release|Any CPU.ActiveCfg = Release|Any CPU
		{D81FDED9-C22B-4E24-B828-6F841FBE0006}.Release|Any CPU.Build.0 = Release|Any CPU
		{84636C8B-2699-43F6-B4F0-EDD98096E1DB}.Debug|Any CPU.ActiveCfg = Debug|Any CPU
		{84636C8B-2699-43F6-B4F0-EDD98096E1DB}.Debug|Any CPU.Build.0 = Debug|Any CPU
		{84636C8B-2699-43F6-B4F0-EDD98096E1DB}.Release|Any CPU.ActiveCfg = Release|Any CPU
		{84636C8B-2699-43F6-B4F0-EDD98096E1DB}.Release|Any CPU.Build.0 = Release|Any CPU
		{1EA3F366-E352-4CAA-842B-D7BB08820F3F}.Debug|Any CPU.ActiveCfg = Debug|Any CPU
		{1EA3F366-E352-4CAA-842B-D7BB08820F3F}.Debug|Any CPU.Build.0 = Debug|Any CPU
		{1EA3F366-E352-4CAA-842B-D7BB08820F3F}.Release|Any CPU.ActiveCfg = Release|Any CPU
		{1EA3F366-E352-4CAA-842B-D7BB08820F3F}.Release|Any CPU.Build.0 = Release|Any CPU
		{A972A73F-14D5-48F2-BB07-0C2B6516B388}.Debug|Any CPU.ActiveCfg = Debug|Any CPU
		{A972A73F-14D5-48F2-BB07-0C2B6516B388}.Debug|Any CPU.Build.0 = Debug|Any CPU
		{A972A73F-14D5-48F2-BB07-0C2B6516B388}.Release|Any CPU.ActiveCfg = Release|Any CPU
		{A972A73F-14D5-48F2-BB07-0C2B6516B388}.Release|Any CPU.Build.0 = Release|Any CPU
		{4C4FC87C-9E01-4747-9E5A-856ECF59A7B0}.Debug|Any CPU.ActiveCfg = Debug|Any CPU
		{4C4FC87C-9E01-4747-9E5A-856ECF59A7B0}.Debug|Any CPU.Build.0 = Debug|Any CPU
		{4C4FC87C-9E01-4747-9E5A-856ECF59A7B0}.Release|Any CPU.ActiveCfg = Release|Any CPU
		{4C4FC87C-9E01-4747-9E5A-856ECF59A7B0}.Release|Any CPU.Build.0 = Release|Any CPU
		{8952F72A-013C-49A7-91FA-FFB856C5616A}.Debug|Any CPU.ActiveCfg = Debug|Any CPU
		{8952F72A-013C-49A7-91FA-FFB856C5616A}.Debug|Any CPU.Build.0 = Debug|Any CPU
		{8952F72A-013C-49A7-91FA-FFB856C5616A}.Release|Any CPU.ActiveCfg = Release|Any CPU
		{8952F72A-013C-49A7-91FA-FFB856C5616A}.Release|Any CPU.Build.0 = Release|Any CPU
		{B5DF06A2-49C1-47ED-8312-6B9566C90034}.Debug|Any CPU.ActiveCfg = Debug|Any CPU
		{B5DF06A2-49C1-47ED-8312-6B9566C90034}.Debug|Any CPU.Build.0 = Debug|Any CPU
		{B5DF06A2-49C1-47ED-8312-6B9566C90034}.Release|Any CPU.ActiveCfg = Release|Any CPU
		{B5DF06A2-49C1-47ED-8312-6B9566C90034}.Release|Any CPU.Build.0 = Release|Any CPU
	EndGlobalSection
	GlobalSection(NestedProjects) = preSolution
		{A237E04E-168D-417C-9D88-99EC630F2D65} = {D20BDD28-B3CE-4F76-AFA3-2AE30B5010A3}
		{C577F2AC-ED40-459D-B917-90357827A5E3} = {D20BDD28-B3CE-4F76-AFA3-2AE30B5010A3}
		{47B2AC71-179F-4BE8-97C4-46EB33B549D2} = {D20BDD28-B3CE-4F76-AFA3-2AE30B5010A3}
		{D81FDED9-C22B-4E24-B828-6F841FBE0006} = {D20BDD28-B3CE-4F76-AFA3-2AE30B5010A3}
		{4C4FC87C-9E01-4747-9E5A-856ECF59A7B0} = {D20BDD28-B3CE-4F76-AFA3-2AE30B5010A3}
		{8952F72A-013C-49A7-91FA-FFB856C5616A} = {D20BDD28-B3CE-4F76-AFA3-2AE30B5010A3}
		{B5DF06A2-49C1-47ED-8312-6B9566C90034} = {D20BDD28-B3CE-4F76-AFA3-2AE30B5010A3}
	EndGlobalSection
EndGlobal
